
Microsoft Visual Studio Solution File, Format Version 12.00
# Visual Studio Version 17
VisualStudioVersion = 17.7.34009.444
MinimumVisualStudioVersion = 10.0.40219.1
Project("{FAE04EC0-301F-11D3-BF4B-00C04F79EFBC}") = "AuthServer.API", "AuthServer.API\AuthServer.API.csproj", "{5047A213-A24E-4197-9DD5-F99AADABE96F}"
EndProject
Project("{FAE04EC0-301F-11D3-BF4B-00C04F79EFBC}") = "AuthServer.Core", "AuthServer.Core\AuthServer.Core.csproj", "{65EBAF57-E47C-4EB2-9894-96FB3D7E3C23}"
EndProject
Project("{FAE04EC0-301F-11D3-BF4B-00C04F79EFBC}") = "AuthServer.Data", "AuthServer.Data\AuthServer.Data.csproj", "{AB8E3F75-2321-4235-8541-16F4A2F1D895}"
EndProject
Project("{FAE04EC0-301F-11D3-BF4B-00C04F79EFBC}") = "AuthServer.Service", "AuthServer.Service\AuthServer.Service.csproj", "{AFAD3523-2A92-4695-B9BA-D270725DCFE0}"
EndProject
Project("{FAE04EC0-301F-11D3-BF4B-00C04F79EFBC}") = "MiniApp1.API", "MiniApp1.API\MiniApp1.API.csproj", "{5F83A25D-0F36-4D93-87FE-39EC4C4365C5}"
EndProject
Project("{FAE04EC0-301F-11D3-BF4B-00C04F79EFBC}") = "MiniApp2.API", "MiniApp2.API\MiniApp2.API.csproj", "{80E30024-25E0-4DDF-A1E3-EB9FC24C3757}"
EndProject
Project("{FAE04EC0-301F-11D3-BF4B-00C04F79EFBC}") = "MiniApp3.API", "MiniApp3.API\MiniApp3.API.csproj", "{8099D293-EE8F-4BD8-AECB-F75500AC1279}"
EndProject
Project("{FAE04EC0-301F-11D3-BF4B-00C04F79EFBC}") = "SharedLibrary", "SharedLibrary\SharedLibrary.csproj", "{EA1C8BAF-1F39-4965-923D-82627E2CCA83}"
EndProject
Global
	GlobalSection(SolutionConfigurationPlatforms) = preSolution
		Debug|Any CPU = Debug|Any CPU
		Release|Any CPU = Release|Any CPU
	EndGlobalSection
	GlobalSection(ProjectConfigurationPlatforms) = postSolution
		{5047A213-A24E-4197-9DD5-F99AADABE96F}.Debug|Any CPU.ActiveCfg = Debug|Any CPU
		{5047A213-A24E-4197-9DD5-F99AADABE96F}.Debug|Any CPU.Build.0 = Debug|Any CPU
		{5047A213-A24E-4197-9DD5-F99AADABE96F}.Release|Any CPU.ActiveCfg = Release|Any CPU
		{5047A213-A24E-4197-9DD5-F99AADABE96F}.Release|Any CPU.Build.0 = Release|Any CPU
		{65EBAF57-E47C-4EB2-9894-96FB3D7E3C23}.Debug|Any CPU.ActiveCfg = Debug|Any CPU
		{65EBAF57-E47C-4EB2-9894-96FB3D7E3C23}.Debug|Any CPU.Build.0 = Debug|Any CPU
		{65EBAF57-E47C-4EB2-9894-96FB3D7E3C23}.Release|Any CPU.ActiveCfg = Release|Any CPU
		{65EBAF57-E47C-4EB2-9894-96FB3D7E3C23}.Release|Any CPU.Build.0 = Release|Any CPU
		{AB8E3F75-2321-4235-8541-16F4A2F1D895}.Debug|Any CPU.ActiveCfg = Debug|Any CPU
		{AB8E3F75-2321-4235-8541-16F4A2F1D895}.Debug|Any CPU.Build.0 = Debug|Any CPU
		{AB8E3F75-2321-4235-8541-16F4A2F1D895}.Release|Any CPU.ActiveCfg = Release|Any CPU
		{AB8E3F75-2321-4235-8541-16F4A2F1D895}.Release|Any CPU.Build.0 = Release|Any CPU
		{AFAD3523-2A92-4695-B9BA-D270725DCFE0}.Debug|Any CPU.ActiveCfg = Debug|Any CPU
		{AFAD3523-2A92-4695-B9BA-D270725DCFE0}.Debug|Any CPU.Build.0 = Debug|Any CPU
		{AFAD3523-2A92-4695-B9BA-D270725DCFE0}.Release|Any CPU.ActiveCfg = Release|Any CPU
		{AFAD3523-2A92-4695-B9BA-D270725DCFE0}.Release|Any CPU.Build.0 = Release|Any CPU
		{5F83A25D-0F36-4D93-87FE-39EC4C4365C5}.Debug|Any CPU.ActiveCfg = Debug|Any CPU
		{5F83A25D-0F36-4D93-87FE-39EC4C4365C5}.Debug|Any CPU.Build.0 = Debug|Any CPU
		{5F83A25D-0F36-4D93-87FE-39EC4C4365C5}.Release|Any CPU.ActiveCfg = Release|Any CPU
		{5F83A25D-0F36-4D93-87FE-39EC4C4365C5}.Release|Any CPU.Build.0 = Release|Any CPU
		{80E30024-25E0-4DDF-A1E3-EB9FC24C3757}.Debug|Any CPU.ActiveCfg = Debug|Any CPU
		{80E30024-25E0-4DDF-A1E3-EB9FC24C3757}.Debug|Any CPU.Build.0 = Debug|Any CPU
		{80E30024-25E0-4DDF-A1E3-EB9FC24C3757}.Release|Any CPU.ActiveCfg = Release|Any CPU
		{80E30024-25E0-4DDF-A1E3-EB9FC24C3757}.Release|Any CPU.Build.0 = Release|Any CPU
		{8099D293-EE8F-4BD8-AECB-F75500AC1279}.Debug|Any CPU.ActiveCfg = Debug|Any CPU
		{8099D293-EE8F-4BD8-AECB-F75500AC1279}.Debug|Any CPU.Build.0 = Debug|Any CPU
		{8099D293-EE8F-4BD8-AECB-F75500AC1279}.Release|Any CPU.ActiveCfg = Release|Any CPU
		{8099D293-EE8F-4BD8-AECB-F75500AC1279}.Release|Any CPU.Build.0 = Release|Any CPU
		{EA1C8BAF-1F39-4965-923D-82627E2CCA83}.Debug|Any CPU.ActiveCfg = Debug|Any CPU
		{EA1C8BAF-1F39-4965-923D-82627E2CCA83}.Debug|Any CPU.Build.0 = Debug|Any CPU
		{EA1C8BAF-1F39-4965-923D-82627E2CCA83}.Release|Any CPU.ActiveCfg = Release|Any CPU
		{EA1C8BAF-1F39-4965-923D-82627E2CCA83}.Release|Any CPU.Build.0 = Release|Any CPU
	EndGlobalSection
	GlobalSection(SolutionProperties) = preSolution
		HideSolutionNode = FALSE
	EndGlobalSection
	GlobalSection(ExtensibilityGlobals) = postSolution
		SolutionGuid = {A93BFCC0-F100-4E19-8CBA-CE6EBB3EAC17}
	EndGlobalSection
EndGlobal
